{
  "nodes": {
    "base16-schemes": {
      "flake": false,
      "locked": {
        "lastModified": 1696158499,
        "narHash": "sha256-5yIHgDTPjoX/3oDEfLSQ0eJZdFL1SaCfb9d6M0RmOTM=",
        "owner": "tinted-theming",
        "repo": "base16-schemes",
        "rev": "a9112eaae86d9dd8ee6bb9445b664fba2f94037a",
        "type": "github"
      },
      "original": {
        "owner": "tinted-theming",
        "repo": "base16-schemes",
        "type": "github"
      }
    },
    "cliphist": {
      "flake": false,
      "locked": {
        "lastModified": 1729035841,
        "narHash": "sha256-tImRbWjYCdIY8wVMibc5g5/qYZGwgT9pl4pWvY7BDlI=",
        "owner": "sentriz",
        "repo": "cliphist",
        "rev": "8c48df70bb3d9d04ae8691513e81293ed296231a",
        "type": "github"
      },
      "original": {
        "owner": "sentriz",
        "repo": "cliphist",
        "type": "github"
      }
    },
    "gruvbox-bat": {
      "flake": false,
      "locked": {
        "lastModified": 1719305649,
        "narHash": "sha256-J6UePv2qyZcvWa9IKv943i1w4bteWp2tjF9n2taYJog=",
        "owner": "molchalin",
        "repo": "gruvbox-material-bat",
        "rev": "843e67f926bbc4707256f6a8d0d8b819e5006bc1",
        "type": "github"
      },
      "original": {
        "owner": "molchalin",
        "repo": "gruvbox-material-bat",
        "type": "github"
      }
    },
    "home-manager": {
      "inputs": {
        "nixpkgs": [
          "nixpkgs"
        ]
      },
      "locked": {
        "lastModified": 1729716953,
        "narHash": "sha256-FbRKGRRd0amsk/WS/UV9ukJ8jT1dZ2pJBISxkX+uq6A=",
        "owner": "nix-community",
        "repo": "home-manager",
        "rev": "a4353cc43d1b4dd6bdeacea90eb92a8b7b78a9d7",
        "type": "github"
      },
      "original": {
        "owner": "nix-community",
        "repo": "home-manager",
        "type": "github"
      }
    },
    "nix-colors": {
      "inputs": {
        "base16-schemes": "base16-schemes",
        "nixpkgs-lib": "nixpkgs-lib"
      },
      "locked": {
        "lastModified": 1707825078,
        "narHash": "sha256-hTfge2J2W+42SZ7VHXkf4kjU+qzFqPeC9k66jAUBMHk=",
        "owner": "misterio77",
        "repo": "nix-colors",
        "rev": "b01f024090d2c4fc3152cd0cf12027a7b8453ba1",
        "type": "github"
      },
      "original": {
        "owner": "misterio77",
        "repo": "nix-colors",
        "type": "github"
      }
    },
    "nixpkgs": {
      "locked": {
        "lastModified": 1729665710,
        "narHash": "sha256-AlcmCXJZPIlO5dmFzV3V2XF6x/OpNWUV8Y/FMPGd8Z4=",
        "owner": "nixos",
        "repo": "nixpkgs",
        "rev": "2768c7d042a37de65bb1b5b3268fc987e534c49d",
        "type": "github"
      },
      "original": {
        "owner": "nixos",
        "ref": "nixos-unstable",
        "repo": "nixpkgs",
        "type": "github"
      }
    },
    "nixpkgs-lib": {
      "locked": {
        "lastModified": 1697935651,
        "narHash": "sha256-qOfWjQ2JQSQL15KLh6D7xQhx0qgZlYZTYlcEiRuAMMw=",
        "owner": "nix-community",
        "repo": "nixpkgs.lib",
        "rev": "e1e11fdbb01113d85c7f41cada9d2847660e3902",
        "type": "github"
      },
      "original": {
        "owner": "nix-community",
        "repo": "nixpkgs.lib",
        "type": "github"
      }
    },
    "plugin-terminal": {
      "flake": false,
      "locked": {
        "lastModified": 1723113340,
        "narHash": "sha256-VlHE5nFHDO6GRRM44TqtcWSk2k0NfeCndp7of/35ta4=",
        "owner": "akinsho",
        "repo": "toggleterm.nvim",
        "rev": "137d06fb103952a0fb567882bb8527e2f92d327d",
        "type": "github"
      },
      "original": {
        "owner": "akinsho",
        "repo": "toggleterm.nvim",
        "type": "github"
      }
    },
    "root": {
      "inputs": {
        "cliphist": "cliphist",
        "gruvbox-bat": "gruvbox-bat",
        "home-manager": "home-manager",
        "nix-colors": "nix-colors",
        "nixpkgs": "nixpkgs",
        "plugin-terminal": "plugin-terminal",
        "tartarus-grub": "tartarus-grub"
      }
    },
    "tartarus-grub": {
      "flake": false,
      "locked": {
        "lastModified": 1672657246,
        "narHash": "sha256-/Pzr0R3zzOXUi2pAl8Lvg6aHTiwXTIrxQ1vscbEK/kU=",
        "owner": "AllJavi",
        "repo": "tartarus-grub",
        "rev": "b116360a2a0991062a4d728cb005dfd309fbb82a",
        "type": "github"
      },
      "original": {
        "owner": "AllJavi",
        "repo": "tartarus-grub",
        "type": "github"
      }
    }
  },
  "root": "root",
  "version": 7
}
